# @generated by Move, please check-in and do not edit manually.

[move]
version = 3
manifest_digest = "E756F864511A4D6C1BB6EFF5861C923463F787A698E337AAED50EE4CE1C8E490"
deps_digest = "060AD7E57DFB13104F21BE5F5C3759D03F0553FC3229247D9A7A6B45F50D03A3"
dependencies = [
  { id = "BucketV2USD", name = "BucketV2USD" },
  { id = "MoveStdlib", name = "MoveStdlib" },
  { id = "Sui", name = "Sui" },
]

[[move.package]]
id = "Bridge"
source = { git = "https://github.com/MystenLabs/sui.git", rev = "af5297b292c3", subdir = "crates/sui-framework/packages/bridge" }

dependencies = [
  { id = "MoveStdlib", name = "MoveStdlib" },
  { id = "Sui", name = "Sui" },
  { id = "SuiSystem", name = "SuiSystem" },
]

[[move.package]]
id = "BucketV2Framework"
source = { git = "https://github.com/Bucket-Protocol/bucket-interface.git", rev = "main", subdir = "bucket-protocol-v2/bucket_framework" }

dependencies = [
  { id = "Bridge", name = "Bridge" },
  { id = "MoveStdlib", name = "MoveStdlib" },
  { id = "Sui", name = "Sui" },
  { id = "SuiSystem", name = "SuiSystem" },
]

[[move.package]]
id = "BucketV2USD"
source = { git = "https://github.com/Bucket-Protocol/bucket-interface.git", rev = "main", subdir = "bucket-protocol-v2/bucket_usd" }

dependencies = [
  { id = "Bridge", name = "Bridge" },
  { id = "BucketV2Framework", name = "BucketV2Framework" },
  { id = "MoveStdlib", name = "MoveStdlib" },
  { id = "Sui", name = "Sui" },
  { id = "SuiSystem", name = "SuiSystem" },
]

[[move.package]]
id = "MoveStdlib"
source = { git = "https://github.com/MystenLabs/sui.git", rev = "framework/mainnet", subdir = "crates/sui-framework/packages/move-stdlib" }

[[move.package]]
id = "Sui"
source = { git = "https://github.com/MystenLabs/sui.git", rev = "framework/mainnet", subdir = "crates/sui-framework/packages/sui-framework" }

dependencies = [
  { id = "MoveStdlib", name = "MoveStdlib" },
]

[[move.package]]
id = "SuiSystem"
source = { git = "https://github.com/MystenLabs/sui.git", rev = "af5297b292c3", subdir = "crates/sui-framework/packages/sui-system" }

dependencies = [
  { id = "MoveStdlib", name = "MoveStdlib" },
  { id = "Sui", name = "Sui" },
]

[move.toolchain-version]
compiler-version = "1.50.1"
edition = "2024.beta"
flavor = "sui"

[env]

[env.mainnet]
chain-id = "35834a8a"
original-published-id = "0xee9aec5a38da5613a0412791974eff83148f7f966cb5112c338d721ff64ce0ba"
latest-published-id = "0xee9aec5a38da5613a0412791974eff83148f7f966cb5112c338d721ff64ce0ba"
published-version = "1"
